{
  "name": "take_away_uniapp",
  "version": "1.0.0",
  "lockfileVersion": 1,
  "requires": true,
  "dependencies": {
    "axios": {
      "version": "0.21.3",
      "resolved": "https://registry.nlark.com/axios/download/axios-0.21.3.tgz?cache=0&sync_timestamp=1630782409101&other_urls=https%3A%2F%2Fregistry.nlark.com%2Faxios%2Fdownload%2Faxios-0.21.3.tgz",
      "integrity": "sha1-+F2bdH+bZtWcpGNgXO3xhEhyuC4=",
      "requires": {
        "follow-redirects": "^1.14.0"
      }
    },
    "debug": {
      "version": "2.6.9",
      "resolved": "https://registry.nlark.com/debug/download/debug-2.6.9.tgz",
      "integrity": "sha1-XRKFFd8TT/Mn6QpMk/Tgd6U2NB8=",
      "requires": {
        "ms": "2.0.0"
      }
    },
    "follow-redirects": {
      "version": "1.14.3",
      "resolved": "https://registry.nlark.com/follow-redirects/download/follow-redirects-1.14.3.tgz",
      "integrity": "sha1-atp4EY2NJMruWVWVrM3ArGq9Ai4="
    },
    "js-cookie": {
      "version": "3.0.1",
      "resolved": "https://registry.nlark.com/js-cookie/download/js-cookie-3.0.1.tgz?cache=0&sync_timestamp=1630493008410&other_urls=https%3A%2F%2Fregistry.nlark.com%2Fjs-cookie%2Fdownload%2Fjs-cookie-3.0.1.tgz",
      "integrity": "sha1-njm0xsL1ZWNwjX0x9vXyGHOpJBQ="
    },
    "jsonp": {
      "version": "0.2.1",
      "resolved": "https://registry.npm.taobao.org/jsonp/download/jsonp-0.2.1.tgz",
      "integrity": "sha1-pltPoPEL2nGaBUQep7lMVfPhW64=",
      "requires": {
        "debug": "^2.1.3"
      }
    },
    "ms": {
      "version": "2.0.0",
      "resolved": "https://registry.nlark.com/ms/download/ms-2.0.0.tgz",
      "integrity": "sha1-VgiurfwAvmwpAd9fmGF4jeDVl8g="
    },
    "uview-ui": {
      "version": "1.8.4",
      "resolved": "https://registry.npm.taobao.org/uview-ui/download/uview-ui-1.8.4.tgz",
      "integrity": "sha1-4yu/I3lCHTGQIuMk4ct7U4fTvUQ="
    },
    "vue-jsonp": {
      "version": "2.0.0",
      "resolved": "https://registry.npm.taobao.org/vue-jsonp/download/vue-jsonp-2.0.0.tgz",
      "integrity": "sha1-O/rFa7cpQaJRHBHhoSO4dvA0J/c="
    }
  }
}
